
Microsoft Visual Studio Solution File, Format Version 12.00
Project("{FAE04EC0-301F-11D3-BF4B-00C04F79EFBC}") = "PalladiumExtensionTemplate", "PalladiumExtensionTemplate\PalladiumExtensionTemplate.csproj", "{658EDD72-127C-4D18-884D-BACB6008F810}"
EndProject
Global
	GlobalSection(SolutionConfigurationPlatforms) = preSolution
		Debug|Any CPU = Debug|Any CPU
		Release|Any CPU = Release|Any CPU
	EndGlobalSection
	GlobalSection(ProjectConfigurationPlatforms) = postSolution
		{658EDD72-127C-4D18-884D-BACB6008F810}.Debug|Any CPU.ActiveCfg = Debug|Any CPU
		{658EDD72-127C-4D18-884D-BACB6008F810}.Debug|Any CPU.Build.0 = Debug|Any CPU
		{658EDD72-127C-4D18-884D-BACB6008F810}.Release|Any CPU.ActiveCfg = Release|Any CPU
		{658EDD72-127C-4D18-884D-BACB6008F810}.Release|Any CPU.Build.0 = Release|Any CPU
	EndGlobalSection
EndGlobal
