
Microsoft Visual Studio Solution File, Format Version 12.00
Project("{FAE04EC0-301F-11D3-BF4B-00C04F79EFBC}") = "Palladium", "AppSource\Palladium\Palladium.csproj", "{56C3B27E-A983-4609-A2FE-E4409D99DEC9}"
EndProject
Project("{FAE04EC0-301F-11D3-BF4B-00C04F79EFBC}") = "LogViewer.Core", "AppSource\LogViewerControl\CSharp\Core\LogViewer.Core\LogViewer.Core.csproj", "{12B69E00-D068-4FB6-B55B-7C72BF44A990}"
EndProject
Project("{FAE04EC0-301F-11D3-BF4B-00C04F79EFBC}") = "RandomLogging.Service", "AppSource\LogViewerControl\CSharp\Background Services\RandomLogging.Service\RandomLogging.Service.csproj", "{83DE9134-E17E-4FB4-B2C3-C4B4BF43E5F4}"
EndProject
Project("{FAE04EC0-301F-11D3-BF4B-00C04F79EFBC}") = "LogViewer.Avalonia", "AppSource\LogViewerControl\CSharp\Controls\LogViewer.Avalonia\LogViewer.Avalonia.csproj", "{578ECB89-3BA6-4669-ACCF-02C6D27B2E5B}"
EndProject
Project("{FAE04EC0-301F-11D3-BF4B-00C04F79EFBC}") = "Common.Core", "AppSource\LogViewerControl\CSharp\Core\Common.Core\Common.Core.csproj", "{238C6FC4-89B4-496E-89E3-2AACC87C9739}"
EndProject
Project("{FAE04EC0-301F-11D3-BF4B-00C04F79EFBC}") = "Mvvm.Core", "AppSource\LogViewerControl\CSharp\Core\Mvvm.Core\Mvvm.Core.csproj", "{F3F69B77-2BB9-49E7-8932-9AA993FF5DBC}"
EndProject
Project("{FAE04EC0-301F-11D3-BF4B-00C04F79EFBC}") = "Palladium.Controls", "AppSource\Palladium.Controls\Palladium.Controls.csproj", "{0A87A157-DFF6-4F44-BE34-A7CCFE74CE45}"
EndProject
Project("{FAE04EC0-301F-11D3-BF4B-00C04F79EFBC}") = "MsLogger.Core", "AppSource\LogViewerControl\CSharp\Core\MsLogger.Core\MsLogger.Core.csproj", "{626B8C51-FC86-474A-89E4-74119842DEB8}"
EndProject
Project("{FAE04EC0-301F-11D3-BF4B-00C04F79EFBC}") = "Palladium.Logging", "AppSource\Palladium.Logging\Palladium.Logging.csproj", "{ADCF8A91-256A-4CC0-B183-56AC98149E95}"
EndProject
Project("{FAE04EC0-301F-11D3-BF4B-00C04F79EFBC}") = "Palladium.Actions", "AppSource\Palladium.Actions\Palladium.Actions.csproj", "{8D9F9D0C-A8D8-4ECD-896D-70AB15A32700}"
EndProject
Project("{FAE04EC0-301F-11D3-BF4B-00C04F79EFBC}") = "Palladium.Builtin", "AppSource\Palladium.Builtin\Palladium.Builtin.csproj", "{144D4AF4-C1AA-4095-9E4F-EAC87FC9F38B}"
	ProjectSection(ProjectDependencies) = postProject
		{34AC5BB5-4043-4E0A-8575-61E65399A0D4} = {34AC5BB5-4043-4E0A-8575-61E65399A0D4}
	EndProjectSection
EndProject
Project("{8BC9CEB8-8B4A-11D0-8D11-00A0C91BC942}") = "Palladium.NativeWindows", "AppSource\Palladium.NativeWindows\Palladium.NativeWindows.vcxproj", "{34AC5BB5-4043-4E0A-8575-61E65399A0D4}"
EndProject
Project("{FAE04EC0-301F-11D3-BF4B-00C04F79EFBC}") = "Palladium.Builtin.Tests", "AppSource\Palladium.Builtin.Tests\Palladium.Builtin.Tests.csproj", "{0BFD82E9-E034-4F5A-BCF2-56DC4B883B2D}"
EndProject
Project("{FAE04EC0-301F-11D3-BF4B-00C04F79EFBC}") = "Palladium.ExtensionFunctions", "AppSource\Palladium.ExtensionFunctions\Palladium.ExtensionFunctions.csproj", "{D60311BB-5698-4665-8456-7A171C8A0794}"
EndProject
Project("{FAE04EC0-301F-11D3-BF4B-00C04F79EFBC}") = "Palladium.Plugins", "AppSource\Palladium.Plugins\Palladium.Plugins.csproj", "{41A760C1-6419-4033-82E7-D0BA288E610D}"
EndProject
Project("{FAE04EC0-301F-11D3-BF4B-00C04F79EFBC}") = "PalladiumExtensionTemplate", "AppExtensions\PalladiumExtensionTemplate\PalladiumExtensionTemplate.csproj", "{C7345587-C3A7-4F9F-86FC-A0AD6841144E}"
EndProject
Project("{FAE04EC0-301F-11D3-BF4B-00C04F79EFBC}") = "Palladium.Tests", "AppSource\Palladium.Tests\Palladium.Tests.csproj", "{9987F6D0-72BD-4198-9681-FFD35A9E9623}"
EndProject
Project("{FAE04EC0-301F-11D3-BF4B-00C04F79EFBC}") = "Palladium.Controls.Tests", "AppSource\Palladium.Controls.Tests\Palladium.Controls.Tests.csproj", "{E2C90E59-A5B7-4595-937B-6C3DBF6B02ED}"
EndProject
Project("{FAE04EC0-301F-11D3-BF4B-00C04F79EFBC}") = "Palladium.Headless", "AppSource\Palladium.Headless\Palladium.Headless.csproj", "{08724A4C-6B94-449F-B1C2-782EB15419A2}"
EndProject
Project("{FAE04EC0-301F-11D3-BF4B-00C04F79EFBC}") = "Palladium.ExtensionFunctions.Tests", "AppSource\Palladium.ExtensionFunctions.Tests\Palladium.ExtensionFunctions.Tests.csproj", "{D2276E1A-EB1E-406D-88AB-7382C557D572}"
EndProject
Project("{FAE04EC0-301F-11D3-BF4B-00C04F79EFBC}") = "Palladium.Settings", "AppSource\Palladium.Settings\Palladium.Settings.csproj", "{1081D43F-0146-4BA1-8F1B-474CE8DF1B04}"
EndProject
Project("{FAE04EC0-301F-11D3-BF4B-00C04F79EFBC}") = "Palladium.Settings.Tests", "AppSource\Palladium.Settings.Tests\Palladium.Settings.Tests.csproj", "{DFAB44C1-B58D-4C07-89D9-C0BE56808F54}"
EndProject
Project("{FAE04EC0-301F-11D3-BF4B-00C04F79EFBC}") = "Palladium.Actions.Tests", "AppSource\Palladium.Actions.Tests\Palladium.Actions.Tests.csproj", "{C8CB0CEF-B7A1-4C5E-A332-EC57651EEB78}"
EndProject
Project("{FAE04EC0-301F-11D3-BF4B-00C04F79EFBC}") = "TestUtilities", "AppSource\TestUtilities\TestUtilities.csproj", "{8D8553FC-707D-499E-AC1A-60E6FEF74D0C}"
EndProject
Project("{FAE04EC0-301F-11D3-BF4B-00C04F79EFBC}") = "Palladium.Converters", "AppSource\Palladium.Converters\Palladium.Converters.csproj", "{322F4829-16C1-4BE5-B3F7-4226C577546B}"
EndProject
Project("{FAE04EC0-301F-11D3-BF4B-00C04F79EFBC}") = "Palladium.Converters.Tests", "AppSource\Palladium.Converters.Tests\Palladium.Converters.Tests.csproj", "{CCB9BF0E-70CD-4286-92D1-DB3B0521BE43}"
EndProject
Project("{FAE04EC0-301F-11D3-BF4B-00C04F79EFBC}") = "Palladium.AzureDevOps", "AppExtensions\Palladium.AzureDevOps\Palladium.AzureDevOps.csproj", "{0BCEC05F-D7B8-4992-8D3D-5C0DA9447048}"
EndProject
Project("{FAE04EC0-301F-11D3-BF4B-00C04F79EFBC}") = "Palladium.AzureDevOps.Tests", "AppExtensions\Palladium.AzureDevOps.Tests\Palladium.AzureDevOps.Tests.csproj", "{863AEC22-2AE4-41AE-AA0D-E7F394174E5B}"
EndProject
Project("{FAE04EC0-301F-11D3-BF4B-00C04F79EFBC}") = "AzureDevOpsTools", "AppExtensions\AzureDevOpsTools\AzureDevOpsTools.csproj", "{34B8E15B-8618-43F2-B117-F1E4C84EFF54}"
EndProject
Project("{FAE04EC0-301F-11D3-BF4B-00C04F79EFBC}") = "Palladium.Dev", "AppSource\Palladium.Dev\Palladium.Dev.csproj", "{C4D1EA5E-4973-46BE-A3EB-E2D15B11BEEC}"
EndProject
Global
	GlobalSection(SolutionConfigurationPlatforms) = preSolution
		Release|x64 = Release|x64
		Debug|x64 = Debug|x64
	EndGlobalSection
	GlobalSection(ProjectConfigurationPlatforms) = postSolution
		{34AC5BB5-4043-4E0A-8575-61E65399A0D4}.Release|x64.ActiveCfg = Release|x64
		{34AC5BB5-4043-4E0A-8575-61E65399A0D4}.Release|x64.Build.0 = Release|x64
		{34AC5BB5-4043-4E0A-8575-61E65399A0D4}.Debug|x64.ActiveCfg = Debug|x64
		{34AC5BB5-4043-4E0A-8575-61E65399A0D4}.Debug|x64.Build.0 = Debug|x64
		{C7345587-C3A7-4F9F-86FC-A0AD6841144E}.Release|x64.ActiveCfg = Release|Any CPU
		{C7345587-C3A7-4F9F-86FC-A0AD6841144E}.Debug|x64.ActiveCfg = Debug|Any CPU
		{C7345587-C3A7-4F9F-86FC-A0AD6841144E}.Debug|x64.Build.0 = Debug|Any CPU
		{9987F6D0-72BD-4198-9681-FFD35A9E9623}.Release|x64.ActiveCfg = Release|Any CPU
		{9987F6D0-72BD-4198-9681-FFD35A9E9623}.Debug|x64.ActiveCfg = Debug|Any CPU
		{9987F6D0-72BD-4198-9681-FFD35A9E9623}.Debug|x64.Build.0 = Debug|Any CPU
		{E2C90E59-A5B7-4595-937B-6C3DBF6B02ED}.Release|x64.ActiveCfg = Release|Any CPU
		{E2C90E59-A5B7-4595-937B-6C3DBF6B02ED}.Release|x64.Build.0 = Release|Any CPU
		{E2C90E59-A5B7-4595-937B-6C3DBF6B02ED}.Debug|x64.ActiveCfg = Debug|Any CPU
		{E2C90E59-A5B7-4595-937B-6C3DBF6B02ED}.Debug|x64.Build.0 = Debug|Any CPU
		{08724A4C-6B94-449F-B1C2-782EB15419A2}.Release|x64.ActiveCfg = Release|Any CPU
		{08724A4C-6B94-449F-B1C2-782EB15419A2}.Release|x64.Build.0 = Release|Any CPU
		{08724A4C-6B94-449F-B1C2-782EB15419A2}.Debug|x64.ActiveCfg = Debug|Any CPU
		{08724A4C-6B94-449F-B1C2-782EB15419A2}.Debug|x64.Build.0 = Debug|Any CPU
		{D2276E1A-EB1E-406D-88AB-7382C557D572}.Release|x64.ActiveCfg = Release|Any CPU
		{D2276E1A-EB1E-406D-88AB-7382C557D572}.Debug|x64.ActiveCfg = Debug|Any CPU
		{D2276E1A-EB1E-406D-88AB-7382C557D572}.Debug|x64.Build.0 = Debug|Any CPU
		{238C6FC4-89B4-496E-89E3-2AACC87C9739}.Debug|x64.ActiveCfg = Debug|Any CPU
		{238C6FC4-89B4-496E-89E3-2AACC87C9739}.Debug|x64.Build.0 = Debug|Any CPU
		{238C6FC4-89B4-496E-89E3-2AACC87C9739}.Release|x64.ActiveCfg = Release|Any CPU
		{238C6FC4-89B4-496E-89E3-2AACC87C9739}.Release|x64.Build.0 = Release|Any CPU
		{578ECB89-3BA6-4669-ACCF-02C6D27B2E5B}.Debug|x64.ActiveCfg = Debug|Any CPU
		{578ECB89-3BA6-4669-ACCF-02C6D27B2E5B}.Debug|x64.Build.0 = Debug|Any CPU
		{578ECB89-3BA6-4669-ACCF-02C6D27B2E5B}.Release|x64.ActiveCfg = Release|Any CPU
		{578ECB89-3BA6-4669-ACCF-02C6D27B2E5B}.Release|x64.Build.0 = Release|Any CPU
		{12B69E00-D068-4FB6-B55B-7C72BF44A990}.Debug|x64.ActiveCfg = Debug|Any CPU
		{12B69E00-D068-4FB6-B55B-7C72BF44A990}.Debug|x64.Build.0 = Debug|Any CPU
		{12B69E00-D068-4FB6-B55B-7C72BF44A990}.Release|x64.ActiveCfg = Release|Any CPU
		{12B69E00-D068-4FB6-B55B-7C72BF44A990}.Release|x64.Build.0 = Release|Any CPU
		{626B8C51-FC86-474A-89E4-74119842DEB8}.Debug|x64.ActiveCfg = Debug|Any CPU
		{626B8C51-FC86-474A-89E4-74119842DEB8}.Debug|x64.Build.0 = Debug|Any CPU
		{626B8C51-FC86-474A-89E4-74119842DEB8}.Release|x64.ActiveCfg = Release|Any CPU
		{626B8C51-FC86-474A-89E4-74119842DEB8}.Release|x64.Build.0 = Release|Any CPU
		{F3F69B77-2BB9-49E7-8932-9AA993FF5DBC}.Debug|x64.ActiveCfg = Debug|Any CPU
		{F3F69B77-2BB9-49E7-8932-9AA993FF5DBC}.Debug|x64.Build.0 = Debug|Any CPU
		{F3F69B77-2BB9-49E7-8932-9AA993FF5DBC}.Release|x64.ActiveCfg = Release|Any CPU
		{F3F69B77-2BB9-49E7-8932-9AA993FF5DBC}.Release|x64.Build.0 = Release|Any CPU
		{56C3B27E-A983-4609-A2FE-E4409D99DEC9}.Debug|x64.ActiveCfg = Debug|Any CPU
		{56C3B27E-A983-4609-A2FE-E4409D99DEC9}.Debug|x64.Build.0 = Debug|Any CPU
		{56C3B27E-A983-4609-A2FE-E4409D99DEC9}.Release|x64.ActiveCfg = Release|Any CPU
		{56C3B27E-A983-4609-A2FE-E4409D99DEC9}.Release|x64.Build.0 = Release|Any CPU
		{8D9F9D0C-A8D8-4ECD-896D-70AB15A32700}.Debug|x64.ActiveCfg = Debug|Any CPU
		{8D9F9D0C-A8D8-4ECD-896D-70AB15A32700}.Debug|x64.Build.0 = Debug|Any CPU
		{8D9F9D0C-A8D8-4ECD-896D-70AB15A32700}.Release|x64.ActiveCfg = Release|Any CPU
		{8D9F9D0C-A8D8-4ECD-896D-70AB15A32700}.Release|x64.Build.0 = Release|Any CPU
		{144D4AF4-C1AA-4095-9E4F-EAC87FC9F38B}.Debug|x64.ActiveCfg = Debug|Any CPU
		{144D4AF4-C1AA-4095-9E4F-EAC87FC9F38B}.Debug|x64.Build.0 = Debug|Any CPU
		{144D4AF4-C1AA-4095-9E4F-EAC87FC9F38B}.Release|x64.ActiveCfg = Release|Any CPU
		{144D4AF4-C1AA-4095-9E4F-EAC87FC9F38B}.Release|x64.Build.0 = Release|Any CPU
		{0BFD82E9-E034-4F5A-BCF2-56DC4B883B2D}.Debug|x64.ActiveCfg = Debug|Any CPU
		{0BFD82E9-E034-4F5A-BCF2-56DC4B883B2D}.Debug|x64.Build.0 = Debug|Any CPU
		{0BFD82E9-E034-4F5A-BCF2-56DC4B883B2D}.Release|x64.ActiveCfg = Release|Any CPU
		{0A87A157-DFF6-4F44-BE34-A7CCFE74CE45}.Debug|x64.ActiveCfg = Debug|Any CPU
		{0A87A157-DFF6-4F44-BE34-A7CCFE74CE45}.Debug|x64.Build.0 = Debug|Any CPU
		{0A87A157-DFF6-4F44-BE34-A7CCFE74CE45}.Release|x64.ActiveCfg = Release|Any CPU
		{0A87A157-DFF6-4F44-BE34-A7CCFE74CE45}.Release|x64.Build.0 = Release|Any CPU
		{D60311BB-5698-4665-8456-7A171C8A0794}.Debug|x64.ActiveCfg = Debug|Any CPU
		{D60311BB-5698-4665-8456-7A171C8A0794}.Debug|x64.Build.0 = Debug|Any CPU
		{D60311BB-5698-4665-8456-7A171C8A0794}.Release|x64.ActiveCfg = Release|Any CPU
		{D60311BB-5698-4665-8456-7A171C8A0794}.Release|x64.Build.0 = Release|Any CPU
		{41A760C1-6419-4033-82E7-D0BA288E610D}.Debug|x64.ActiveCfg = Debug|Any CPU
		{41A760C1-6419-4033-82E7-D0BA288E610D}.Debug|x64.Build.0 = Debug|Any CPU
		{41A760C1-6419-4033-82E7-D0BA288E610D}.Release|x64.ActiveCfg = Release|Any CPU
		{41A760C1-6419-4033-82E7-D0BA288E610D}.Release|x64.Build.0 = Release|Any CPU
		{ADCF8A91-256A-4CC0-B183-56AC98149E95}.Debug|x64.ActiveCfg = Debug|Any CPU
		{ADCF8A91-256A-4CC0-B183-56AC98149E95}.Debug|x64.Build.0 = Debug|Any CPU
		{ADCF8A91-256A-4CC0-B183-56AC98149E95}.Release|x64.ActiveCfg = Release|Any CPU
		{ADCF8A91-256A-4CC0-B183-56AC98149E95}.Release|x64.Build.0 = Release|Any CPU
		{83DE9134-E17E-4FB4-B2C3-C4B4BF43E5F4}.Debug|x64.ActiveCfg = Debug|Any CPU
		{83DE9134-E17E-4FB4-B2C3-C4B4BF43E5F4}.Debug|x64.Build.0 = Debug|Any CPU
		{83DE9134-E17E-4FB4-B2C3-C4B4BF43E5F4}.Release|x64.ActiveCfg = Release|Any CPU
		{83DE9134-E17E-4FB4-B2C3-C4B4BF43E5F4}.Release|x64.Build.0 = Release|Any CPU
		{1081D43F-0146-4BA1-8F1B-474CE8DF1B04}.Release|x64.ActiveCfg = Release|Any CPU
		{1081D43F-0146-4BA1-8F1B-474CE8DF1B04}.Release|x64.Build.0 = Release|Any CPU
		{1081D43F-0146-4BA1-8F1B-474CE8DF1B04}.Debug|x64.ActiveCfg = Debug|Any CPU
		{1081D43F-0146-4BA1-8F1B-474CE8DF1B04}.Debug|x64.Build.0 = Debug|Any CPU
		{DFAB44C1-B58D-4C07-89D9-C0BE56808F54}.Release|x64.ActiveCfg = Release|Any CPU
		{DFAB44C1-B58D-4C07-89D9-C0BE56808F54}.Release|x64.Build.0 = Release|Any CPU
		{DFAB44C1-B58D-4C07-89D9-C0BE56808F54}.Debug|x64.ActiveCfg = Debug|Any CPU
		{DFAB44C1-B58D-4C07-89D9-C0BE56808F54}.Debug|x64.Build.0 = Debug|Any CPU
		{C8CB0CEF-B7A1-4C5E-A332-EC57651EEB78}.Release|x64.ActiveCfg = Release|Any CPU
		{C8CB0CEF-B7A1-4C5E-A332-EC57651EEB78}.Release|x64.Build.0 = Release|Any CPU
		{C8CB0CEF-B7A1-4C5E-A332-EC57651EEB78}.Debug|x64.ActiveCfg = Debug|Any CPU
		{C8CB0CEF-B7A1-4C5E-A332-EC57651EEB78}.Debug|x64.Build.0 = Debug|Any CPU
		{8D8553FC-707D-499E-AC1A-60E6FEF74D0C}.Release|x64.ActiveCfg = Release|Any CPU
		{8D8553FC-707D-499E-AC1A-60E6FEF74D0C}.Release|x64.Build.0 = Release|Any CPU
		{8D8553FC-707D-499E-AC1A-60E6FEF74D0C}.Debug|x64.ActiveCfg = Debug|Any CPU
		{8D8553FC-707D-499E-AC1A-60E6FEF74D0C}.Debug|x64.Build.0 = Debug|Any CPU
		{322F4829-16C1-4BE5-B3F7-4226C577546B}.Release|x64.ActiveCfg = Release|Any CPU
		{322F4829-16C1-4BE5-B3F7-4226C577546B}.Release|x64.Build.0 = Release|Any CPU
		{322F4829-16C1-4BE5-B3F7-4226C577546B}.Debug|x64.ActiveCfg = Debug|Any CPU
		{322F4829-16C1-4BE5-B3F7-4226C577546B}.Debug|x64.Build.0 = Debug|Any CPU
		{CCB9BF0E-70CD-4286-92D1-DB3B0521BE43}.Release|x64.ActiveCfg = Release|Any CPU
		{CCB9BF0E-70CD-4286-92D1-DB3B0521BE43}.Release|x64.Build.0 = Release|Any CPU
		{CCB9BF0E-70CD-4286-92D1-DB3B0521BE43}.Debug|x64.ActiveCfg = Debug|Any CPU
		{CCB9BF0E-70CD-4286-92D1-DB3B0521BE43}.Debug|x64.Build.0 = Debug|Any CPU
		{0BCEC05F-D7B8-4992-8D3D-5C0DA9447048}.Release|x64.ActiveCfg = Release|Any CPU
		{0BCEC05F-D7B8-4992-8D3D-5C0DA9447048}.Release|x64.Build.0 = Release|Any CPU
		{0BCEC05F-D7B8-4992-8D3D-5C0DA9447048}.Debug|x64.ActiveCfg = Debug|Any CPU
		{0BCEC05F-D7B8-4992-8D3D-5C0DA9447048}.Debug|x64.Build.0 = Debug|Any CPU
		{863AEC22-2AE4-41AE-AA0D-E7F394174E5B}.Release|x64.ActiveCfg = Release|Any CPU
		{863AEC22-2AE4-41AE-AA0D-E7F394174E5B}.Release|x64.Build.0 = Release|Any CPU
		{863AEC22-2AE4-41AE-AA0D-E7F394174E5B}.Debug|x64.ActiveCfg = Debug|Any CPU
		{863AEC22-2AE4-41AE-AA0D-E7F394174E5B}.Debug|x64.Build.0 = Debug|Any CPU
		{34B8E15B-8618-43F2-B117-F1E4C84EFF54}.Release|x64.ActiveCfg = Release|Any CPU
		{34B8E15B-8618-43F2-B117-F1E4C84EFF54}.Release|x64.Build.0 = Release|Any CPU
		{34B8E15B-8618-43F2-B117-F1E4C84EFF54}.Debug|x64.ActiveCfg = Debug|Any CPU
		{34B8E15B-8618-43F2-B117-F1E4C84EFF54}.Debug|x64.Build.0 = Debug|Any CPU
		{C4D1EA5E-4973-46BE-A3EB-E2D15B11BEEC}.Release|x64.ActiveCfg = Release|Any CPU
		{C4D1EA5E-4973-46BE-A3EB-E2D15B11BEEC}.Release|x64.Build.0 = Release|Any CPU
		{C4D1EA5E-4973-46BE-A3EB-E2D15B11BEEC}.Debug|x64.ActiveCfg = Debug|Any CPU
		{C4D1EA5E-4973-46BE-A3EB-E2D15B11BEEC}.Debug|x64.Build.0 = Debug|Any CPU
	EndGlobalSection
EndGlobal
